<?xml version="1.0" encoding="utf-8"?>
<Project ToolsVersion="4.0" xmlns="http://schemas.microsoft.com/developer/msbuild/2003">
  <ItemGroup>
    <Filter Include="Resource Files">
      <UniqueIdentifier>{67DA6AB6-F800-4c08-8B7A-83BB121AAD01}</UniqueIdentifier>
      <Extensions>rc;ico;cur;bmp;dlg;rc2;rct;bin;rgs;gif;jpg;jpeg;jpe;resx;tiff;tif;png;wav;mfcribbon-ms</Extensions>
    </Filter>
    <Filter Include="Source Files">
      <UniqueIdentifier>{b47cf30d-10ad-4be6-9716-d31299da762b}</UniqueIdentifier>
    </Filter>
    <Filter Include="Header Files">
      <UniqueIdentifier>{b024fbef-1af9-4866-9bf7-0a2176567297}</UniqueIdentifier>
    </Filter>
  </ItemGroup>
  <ItemGroup>
    <ClCompile Include="Main.cpp">
      <Filter>Source Files</Filter>
    </ClCompile>
    <ClCompile Include="Problem_0001.cpp">
      <Filter>Source Files</Filter>
    </ClCompile>
    <ClCompile Include="Problem_0002.cpp">
      <Filter>Source Files</Filter>
    </ClCompile>
    <ClCompile Include="Problems.cpp">
      <Filter>Source Files</Filter>
    </ClCompile>
    <ClCompile Include="Problem_0003.cpp">
      <Filter>Source Files</Filter>
    </ClCompile>
    <ClCompile Include="Problem_0004.cpp">
      <Filter>Source Files</Filter>
    </ClCompile>
    <ClCompile Include="Problem_0005.cpp">
      <Filter>Source Files</Filter>
    </ClCompile>
    <ClCompile Include="Problem_0023.cpp">
      <Filter>Source Files</Filter>
    </ClCompile>
    <ClCompile Include="Problem_0006.cpp">
      <Filter>Source Files</Filter>
    </ClCompile>
    <ClCompile Include="Problem_0007.cpp">
      <Filter>Source Files</Filter>
    </ClCompile>
    <ClCompile Include="Problem_0008.cpp">
      <Filter>Source Files</Filter>
    </ClCompile>
    <ClCompile Include="Utils.cpp">
      <Filter>Source Files</Filter>
    </ClCompile>
  </ItemGroup>
  <ItemGroup>
    <ClInclude Include="stdafx.h">
      <Filter>Header Files</Filter>
    </ClInclude>
    <ClInclude Include="Problems.h">
      <Filter>Header Files</Filter>
    </ClInclude>
    <ClInclude Include="Problem_0001.h">
      <Filter>Header Files</Filter>
    </ClInclude>
    <ClInclude Include="Problem_0002.h">
      <Filter>Header Files</Filter>
    </ClInclude>
    <ClInclude Include="Problem_0003.h">
      <Filter>Header Files</Filter>
    </ClInclude>
    <ClInclude Include="Problem_0004.h">
      <Filter>Header Files</Filter>
    </ClInclude>
    <ClInclude Include="Problem_0023.h">
      <Filter>Header Files</Filter>
    </ClInclude>
    <ClInclude Include="Problem_0005.h">
      <Filter>Header Files</Filter>
    </ClInclude>
    <ClInclude Include="Problem_0006.h">
      <Filter>Header Files</Filter>
    </ClInclude>
    <ClInclude Include="Problem_0007.h">
      <Filter>Header Files</Filter>
    </ClInclude>
    <ClInclude Include="Problem_0008.h">
      <Filter>Header Files</Filter>
    </ClInclude>
    <ClInclude Include="Utils.h">
      <Filter>Header Files</Filter>
    </ClInclude>
  </ItemGroup>
</Project>